
Microsoft Visual Studio Solution File, Format Version 12.00
# Visual Studio 15
VisualStudioVersion = 15.0.27428.2015
MinimumVisualStudioVersion = 10.0.40219.1
Project("{9A19103F-16F7-4668-BE54-9A1E7A4F7556}") = "SharedKernel.Common", "src\SharedKernel\SharedKernel.Common\SharedKernel.Common.csproj", "{E92DAEBD-FE17-409A-99DB-B679874CE418}"
EndProject
Project("{2150E333-8FDC-42A3-9474-1A3956D46DE8}") = "test", "test", "{EA0E6969-B3FA-4D95-98D2-BE18D60A25DA}"
EndProject
Project("{2150E333-8FDC-42A3-9474-1A3956D46DE8}") = "src", "src", "{D05DEE7B-8ADF-4DA1-B7E7-201D98AC868C}"
EndProject
Project("{2150E333-8FDC-42A3-9474-1A3956D46DE8}") = "SharedKernel", "SharedKernel", "{94E7C430-6D1C-4769-AE64-15D42461DC2C}"
EndProject
Project("{2150E333-8FDC-42A3-9474-1A3956D46DE8}") = "scripts", "scripts", "{C9D36A01-6416-4693-9BA7-036479BDC1B5}"
	ProjectSection(SolutionItems) = preProject
		scripts\001-create-database.sql = scripts\001-create-database.sql
		scripts\002-create-table.sql = scripts\002-create-table.sql
		scripts\003-insert-data.sql = scripts\003-insert-data.sql
	EndProjectSection
EndProject
Project("{2150E333-8FDC-42A3-9474-1A3956D46DE8}") = "Relatorios", "Relatorios", "{3098C05E-8AB6-46D2-8244-6A065E505C55}"
EndProject
Project("{9A19103F-16F7-4668-BE54-9A1E7A4F7556}") = "Demo.GerenciamentoEscolar.Domain", "src\PessoasFisicas\PessoasFisicas.Domain\Demo.GerenciamentoEscolar.Domain.csproj", "{2653BB0A-DDF4-4AEF-8F62-F3D3FF2C322E}"
EndProject
Project("{9A19103F-16F7-4668-BE54-9A1E7A4F7556}") = "Demo.GerenciamentoEscolar.Api", "src\PessoasFisicas\PessoasFisicas.Api\Demo.GerenciamentoEscolar.Api.csproj", "{93602503-AD64-44AE-8452-2CCDAAADDF96}"
EndProject
Project("{9A19103F-16F7-4668-BE54-9A1E7A4F7556}") = "Demo.GerenciamentoEscolar.Infra", "src\PessoasFisicas\PessoasFisicas.Infra\Demo.GerenciamentoEscolar.Infra.csproj", "{EE9592F2-DF1C-4173-86ED-2B5DE75CEDFB}"
EndProject
Project("{9A19103F-16F7-4668-BE54-9A1E7A4F7556}") = "Demo.GerenciamentoEscolar.Infra.EF", "src\PessoasFisicas\PessoasFisicas.Infra.EF\Demo.GerenciamentoEscolar.Infra.EF.csproj", "{9C30BE08-E9C6-438E-9836-2B626EB7843F}"
EndProject
Project("{9A19103F-16F7-4668-BE54-9A1E7A4F7556}") = "Demo.GerenciamentoEscolar.Infra.Dapper", "src\PessoasFisicas\PessoasFisicas.Infra.Dapper\Demo.GerenciamentoEscolar.Infra.Dapper.csproj", "{0A062C13-207C-4DDF-8274-742CE7F5AAC9}"
EndProject
Project("{2150E333-8FDC-42A3-9474-1A3956D46DE8}") = "GerenciamentoEscolar", "GerenciamentoEscolar", "{1D4AA8F0-F4EC-4A1E-9B23-AC25C1A7568D}"
EndProject
Global
	GlobalSection(SolutionConfigurationPlatforms) = preSolution
		Debug|Any CPU = Debug|Any CPU
		Release|Any CPU = Release|Any CPU
	EndGlobalSection
	GlobalSection(ProjectConfigurationPlatforms) = postSolution
		{E92DAEBD-FE17-409A-99DB-B679874CE418}.Debug|Any CPU.ActiveCfg = Debug|Any CPU
		{E92DAEBD-FE17-409A-99DB-B679874CE418}.Debug|Any CPU.Build.0 = Debug|Any CPU
		{E92DAEBD-FE17-409A-99DB-B679874CE418}.Release|Any CPU.ActiveCfg = Release|Any CPU
		{E92DAEBD-FE17-409A-99DB-B679874CE418}.Release|Any CPU.Build.0 = Release|Any CPU
		{2653BB0A-DDF4-4AEF-8F62-F3D3FF2C322E}.Debug|Any CPU.ActiveCfg = Debug|Any CPU
		{2653BB0A-DDF4-4AEF-8F62-F3D3FF2C322E}.Debug|Any CPU.Build.0 = Debug|Any CPU
		{2653BB0A-DDF4-4AEF-8F62-F3D3FF2C322E}.Release|Any CPU.ActiveCfg = Release|Any CPU
		{2653BB0A-DDF4-4AEF-8F62-F3D3FF2C322E}.Release|Any CPU.Build.0 = Release|Any CPU
		{93602503-AD64-44AE-8452-2CCDAAADDF96}.Debug|Any CPU.ActiveCfg = Debug|Any CPU
		{93602503-AD64-44AE-8452-2CCDAAADDF96}.Debug|Any CPU.Build.0 = Debug|Any CPU
		{93602503-AD64-44AE-8452-2CCDAAADDF96}.Release|Any CPU.ActiveCfg = Release|Any CPU
		{93602503-AD64-44AE-8452-2CCDAAADDF96}.Release|Any CPU.Build.0 = Release|Any CPU
		{EE9592F2-DF1C-4173-86ED-2B5DE75CEDFB}.Debug|Any CPU.ActiveCfg = Debug|Any CPU
		{EE9592F2-DF1C-4173-86ED-2B5DE75CEDFB}.Debug|Any CPU.Build.0 = Debug|Any CPU
		{EE9592F2-DF1C-4173-86ED-2B5DE75CEDFB}.Release|Any CPU.ActiveCfg = Release|Any CPU
		{EE9592F2-DF1C-4173-86ED-2B5DE75CEDFB}.Release|Any CPU.Build.0 = Release|Any CPU
		{9C30BE08-E9C6-438E-9836-2B626EB7843F}.Debug|Any CPU.ActiveCfg = Debug|Any CPU
		{9C30BE08-E9C6-438E-9836-2B626EB7843F}.Debug|Any CPU.Build.0 = Debug|Any CPU
		{9C30BE08-E9C6-438E-9836-2B626EB7843F}.Release|Any CPU.ActiveCfg = Release|Any CPU
		{9C30BE08-E9C6-438E-9836-2B626EB7843F}.Release|Any CPU.Build.0 = Release|Any CPU
		{0A062C13-207C-4DDF-8274-742CE7F5AAC9}.Debug|Any CPU.ActiveCfg = Debug|Any CPU
		{0A062C13-207C-4DDF-8274-742CE7F5AAC9}.Debug|Any CPU.Build.0 = Debug|Any CPU
		{0A062C13-207C-4DDF-8274-742CE7F5AAC9}.Release|Any CPU.ActiveCfg = Release|Any CPU
		{0A062C13-207C-4DDF-8274-742CE7F5AAC9}.Release|Any CPU.Build.0 = Release|Any CPU
	EndGlobalSection
	GlobalSection(SolutionProperties) = preSolution
		HideSolutionNode = FALSE
	EndGlobalSection
	GlobalSection(NestedProjects) = preSolution
		{E92DAEBD-FE17-409A-99DB-B679874CE418} = {94E7C430-6D1C-4769-AE64-15D42461DC2C}
		{94E7C430-6D1C-4769-AE64-15D42461DC2C} = {D05DEE7B-8ADF-4DA1-B7E7-201D98AC868C}
		{3098C05E-8AB6-46D2-8244-6A065E505C55} = {D05DEE7B-8ADF-4DA1-B7E7-201D98AC868C}
		{2653BB0A-DDF4-4AEF-8F62-F3D3FF2C322E} = {1D4AA8F0-F4EC-4A1E-9B23-AC25C1A7568D}
		{93602503-AD64-44AE-8452-2CCDAAADDF96} = {1D4AA8F0-F4EC-4A1E-9B23-AC25C1A7568D}
		{EE9592F2-DF1C-4173-86ED-2B5DE75CEDFB} = {1D4AA8F0-F4EC-4A1E-9B23-AC25C1A7568D}
		{9C30BE08-E9C6-438E-9836-2B626EB7843F} = {1D4AA8F0-F4EC-4A1E-9B23-AC25C1A7568D}
		{0A062C13-207C-4DDF-8274-742CE7F5AAC9} = {1D4AA8F0-F4EC-4A1E-9B23-AC25C1A7568D}
		{1D4AA8F0-F4EC-4A1E-9B23-AC25C1A7568D} = {D05DEE7B-8ADF-4DA1-B7E7-201D98AC868C}
	EndGlobalSection
	GlobalSection(ExtensibilityGlobals) = postSolution
		SolutionGuid = {C29276B6-9F27-494C-A6E0-63F66DB243F8}
	EndGlobalSection
EndGlobal
