
Microsoft Visual Studio Solution File, Format Version 12.00
# Visual Studio 15
VisualStudioVersion = 15.0.27428.2015
MinimumVisualStudioVersion = 10.0.40219.1
Project("{9A19103F-16F7-4668-BE54-9A1E7A4F7556}") = "SharedKernel.Common", "src\SharedKernel\SharedKernel.Common\SharedKernel.Common.csproj", "{E92DAEBD-FE17-409A-99DB-B679874CE418}"
EndProject
Project("{2150E333-8FDC-42A3-9474-1A3956D46DE8}") = "test", "test", "{EA0E6969-B3FA-4D95-98D2-BE18D60A25DA}"
EndProject
Project("{2150E333-8FDC-42A3-9474-1A3956D46DE8}") = "src", "src", "{D05DEE7B-8ADF-4DA1-B7E7-201D98AC868C}"
EndProject
Project("{2150E333-8FDC-42A3-9474-1A3956D46DE8}") = "SharedKernel", "SharedKernel", "{94E7C430-6D1C-4769-AE64-15D42461DC2C}"
EndProject
Project("{2150E333-8FDC-42A3-9474-1A3956D46DE8}") = "scripts", "scripts", "{C9D36A01-6416-4693-9BA7-036479BDC1B5}"
	ProjectSection(SolutionItems) = preProject
		scripts\001-create-database.sql = scripts\001-create-database.sql
		scripts\002-create-table.sql = scripts\002-create-table.sql
		scripts\003-insert-data.sql = scripts\003-insert-data.sql
	EndProjectSection
EndProject
Project("{2150E333-8FDC-42A3-9474-1A3956D46DE8}") = "Alunos", "Alunos", "{FFDB04B1-72DF-4C64-BCDA-F574BED0664F}"
EndProject
Project("{2150E333-8FDC-42A3-9474-1A3956D46DE8}") = "PessoasFisicas", "PessoasFisicas", "{0CF8EBD7-09C6-42BC-8F9E-FA5AC881BA59}"
EndProject
Project("{2150E333-8FDC-42A3-9474-1A3956D46DE8}") = "Funcionarios", "Funcionarios", "{94871D0C-DA8C-4EBE-9860-02DCAC02CE54}"
EndProject
Project("{2150E333-8FDC-42A3-9474-1A3956D46DE8}") = "Professores", "Professores", "{BF803462-BFC5-430C-A6AF-5A775EA87440}"
EndProject
Project("{2150E333-8FDC-42A3-9474-1A3956D46DE8}") = "Relatorios", "Relatorios", "{3098C05E-8AB6-46D2-8244-6A065E505C55}"
EndProject
Project("{2150E333-8FDC-42A3-9474-1A3956D46DE8}") = "Alunos", "Alunos", "{ABE059D7-A9EF-47EA-B5B1-94CD27321D07}"
EndProject
Project("{2150E333-8FDC-42A3-9474-1A3956D46DE8}") = "PessoasFisicas", "PessoasFisicas", "{5774E9BB-0D32-4F95-A4BD-6D3FB2551146}"
EndProject
Project("{2150E333-8FDC-42A3-9474-1A3956D46DE8}") = "Professores", "Professores", "{FB979BB0-8F48-46C2-AA1E-A436327ADF12}"
EndProject
Project("{2150E333-8FDC-42A3-9474-1A3956D46DE8}") = "Funcionarios", "Funcionarios", "{0CB5E2AE-C870-401E-AD99-4BFF96439B4F}"
EndProject
Project("{9A19103F-16F7-4668-BE54-9A1E7A4F7556}") = "PessoasFisicas.Domain", "src\PessoasFisicas\PessoasFisicas.Domain\PessoasFisicas.Domain.csproj", "{2653BB0A-DDF4-4AEF-8F62-F3D3FF2C322E}"
EndProject
Project("{9A19103F-16F7-4668-BE54-9A1E7A4F7556}") = "PessoasFisicas.Api", "src\PessoasFisicas\PessoasFisicas.Api\PessoasFisicas.Api.csproj", "{93602503-AD64-44AE-8452-2CCDAAADDF96}"
EndProject
Project("{9A19103F-16F7-4668-BE54-9A1E7A4F7556}") = "PessoasFisicas.Domain.Test", "test\PessoasFisicas\PessoasFisicas.Domain.Test\PessoasFisicas.Domain.Test.csproj", "{74D38721-771B-4045-BCE0-06D7A283F477}"
EndProject
Project("{9A19103F-16F7-4668-BE54-9A1E7A4F7556}") = "Funcionarios.Domain.Test", "test\Funcionarios\Funcionarios.Domain.Test\Funcionarios.Domain.Test.csproj", "{CB3C7D2A-2BAE-40C5-9C1D-C56947C81AA9}"
EndProject
Project("{9A19103F-16F7-4668-BE54-9A1E7A4F7556}") = "Alunos.Domain.Test", "test\Alunos\Alunos.Domain.Test\Alunos.Domain.Test.csproj", "{854FF189-321A-4004-8071-F607303CEE71}"
EndProject
Project("{9A19103F-16F7-4668-BE54-9A1E7A4F7556}") = "Professores.Domain.Test", "test\Professores\Professores.Domain.Test\Professores.Domain.Test.csproj", "{A198116D-95E7-42E7-A0F5-D6026398ABA5}"
EndProject
Project("{9A19103F-16F7-4668-BE54-9A1E7A4F7556}") = "Alunos.Domain", "src\Alunos\Alunos.Domain\Alunos.Domain.csproj", "{9759EA42-D6EA-457F-A6C1-17EAAB6E2F7B}"
EndProject
Project("{9A19103F-16F7-4668-BE54-9A1E7A4F7556}") = "Alunos.Api", "src\Alunos\Alunos.Api\Alunos.Api.csproj", "{6DD8AFEE-A562-4628-B681-6EB4DAD78D7B}"
EndProject
Project("{9A19103F-16F7-4668-BE54-9A1E7A4F7556}") = "Funcionarios.Api", "src\Funcionarios\Funcionarios.Api\Funcionarios.Api.csproj", "{5BC9C87A-4B3A-41AF-9607-3816BD597D4E}"
EndProject
Project("{9A19103F-16F7-4668-BE54-9A1E7A4F7556}") = "Funcionarios.Domain", "src\Funcionarios\Funcionarios.Domain\Funcionarios.Domain.csproj", "{AED32A7B-110A-4F29-8D4C-B6F785419D14}"
EndProject
Project("{9A19103F-16F7-4668-BE54-9A1E7A4F7556}") = "Professores.Domain", "src\Professores\Professores.Domain\Professores.Domain.csproj", "{69CB9A06-6DB4-4DCA-9DDB-62476D6B89D4}"
EndProject
Project("{9A19103F-16F7-4668-BE54-9A1E7A4F7556}") = "Professores.Api", "src\Professores\Professores.Api\Professores.Api.csproj", "{46782F48-39DD-40C0-B4D8-68BF64BEAFE4}"
EndProject
Project("{FAE04EC0-301F-11D3-BF4B-00C04F79EFBC}") = "PessoasFisicas.Infra", "src\PessoasFisicas\PessoasFisicas.Infra\PessoasFisicas.Infra.csproj", "{EE9592F2-DF1C-4173-86ED-2B5DE75CEDFB}"
EndProject
Project("{FAE04EC0-301F-11D3-BF4B-00C04F79EFBC}") = "PessoasFisicas.Infra.EF", "src\PessoasFisicas\PessoasFisicas.Infra.EF\PessoasFisicas.Infra.EF.csproj", "{9C30BE08-E9C6-438E-9836-2B626EB7843F}"
EndProject
Project("{FAE04EC0-301F-11D3-BF4B-00C04F79EFBC}") = "PessoasFisicas.Infra.Dapper", "src\PessoasFisicas\PessoasFisicas.Infra.Dapper\PessoasFisicas.Infra.Dapper.csproj", "{0A062C13-207C-4DDF-8274-742CE7F5AAC9}"
EndProject
Global
	GlobalSection(SolutionConfigurationPlatforms) = preSolution
		Debug|Any CPU = Debug|Any CPU
		Release|Any CPU = Release|Any CPU
	EndGlobalSection
	GlobalSection(ProjectConfigurationPlatforms) = postSolution
		{E92DAEBD-FE17-409A-99DB-B679874CE418}.Debug|Any CPU.ActiveCfg = Debug|Any CPU
		{E92DAEBD-FE17-409A-99DB-B679874CE418}.Debug|Any CPU.Build.0 = Debug|Any CPU
		{E92DAEBD-FE17-409A-99DB-B679874CE418}.Release|Any CPU.ActiveCfg = Release|Any CPU
		{E92DAEBD-FE17-409A-99DB-B679874CE418}.Release|Any CPU.Build.0 = Release|Any CPU
		{2653BB0A-DDF4-4AEF-8F62-F3D3FF2C322E}.Debug|Any CPU.ActiveCfg = Debug|Any CPU
		{2653BB0A-DDF4-4AEF-8F62-F3D3FF2C322E}.Debug|Any CPU.Build.0 = Debug|Any CPU
		{2653BB0A-DDF4-4AEF-8F62-F3D3FF2C322E}.Release|Any CPU.ActiveCfg = Release|Any CPU
		{2653BB0A-DDF4-4AEF-8F62-F3D3FF2C322E}.Release|Any CPU.Build.0 = Release|Any CPU
		{93602503-AD64-44AE-8452-2CCDAAADDF96}.Debug|Any CPU.ActiveCfg = Debug|Any CPU
		{93602503-AD64-44AE-8452-2CCDAAADDF96}.Debug|Any CPU.Build.0 = Debug|Any CPU
		{93602503-AD64-44AE-8452-2CCDAAADDF96}.Release|Any CPU.ActiveCfg = Release|Any CPU
		{93602503-AD64-44AE-8452-2CCDAAADDF96}.Release|Any CPU.Build.0 = Release|Any CPU
		{74D38721-771B-4045-BCE0-06D7A283F477}.Debug|Any CPU.ActiveCfg = Debug|Any CPU
		{74D38721-771B-4045-BCE0-06D7A283F477}.Debug|Any CPU.Build.0 = Debug|Any CPU
		{74D38721-771B-4045-BCE0-06D7A283F477}.Release|Any CPU.ActiveCfg = Release|Any CPU
		{74D38721-771B-4045-BCE0-06D7A283F477}.Release|Any CPU.Build.0 = Release|Any CPU
		{CB3C7D2A-2BAE-40C5-9C1D-C56947C81AA9}.Debug|Any CPU.ActiveCfg = Debug|Any CPU
		{CB3C7D2A-2BAE-40C5-9C1D-C56947C81AA9}.Debug|Any CPU.Build.0 = Debug|Any CPU
		{CB3C7D2A-2BAE-40C5-9C1D-C56947C81AA9}.Release|Any CPU.ActiveCfg = Release|Any CPU
		{CB3C7D2A-2BAE-40C5-9C1D-C56947C81AA9}.Release|Any CPU.Build.0 = Release|Any CPU
		{854FF189-321A-4004-8071-F607303CEE71}.Debug|Any CPU.ActiveCfg = Debug|Any CPU
		{854FF189-321A-4004-8071-F607303CEE71}.Debug|Any CPU.Build.0 = Debug|Any CPU
		{854FF189-321A-4004-8071-F607303CEE71}.Release|Any CPU.ActiveCfg = Release|Any CPU
		{854FF189-321A-4004-8071-F607303CEE71}.Release|Any CPU.Build.0 = Release|Any CPU
		{A198116D-95E7-42E7-A0F5-D6026398ABA5}.Debug|Any CPU.ActiveCfg = Debug|Any CPU
		{A198116D-95E7-42E7-A0F5-D6026398ABA5}.Debug|Any CPU.Build.0 = Debug|Any CPU
		{A198116D-95E7-42E7-A0F5-D6026398ABA5}.Release|Any CPU.ActiveCfg = Release|Any CPU
		{A198116D-95E7-42E7-A0F5-D6026398ABA5}.Release|Any CPU.Build.0 = Release|Any CPU
		{9759EA42-D6EA-457F-A6C1-17EAAB6E2F7B}.Debug|Any CPU.ActiveCfg = Debug|Any CPU
		{9759EA42-D6EA-457F-A6C1-17EAAB6E2F7B}.Debug|Any CPU.Build.0 = Debug|Any CPU
		{9759EA42-D6EA-457F-A6C1-17EAAB6E2F7B}.Release|Any CPU.ActiveCfg = Release|Any CPU
		{9759EA42-D6EA-457F-A6C1-17EAAB6E2F7B}.Release|Any CPU.Build.0 = Release|Any CPU
		{6DD8AFEE-A562-4628-B681-6EB4DAD78D7B}.Debug|Any CPU.ActiveCfg = Debug|Any CPU
		{6DD8AFEE-A562-4628-B681-6EB4DAD78D7B}.Debug|Any CPU.Build.0 = Debug|Any CPU
		{6DD8AFEE-A562-4628-B681-6EB4DAD78D7B}.Release|Any CPU.ActiveCfg = Release|Any CPU
		{6DD8AFEE-A562-4628-B681-6EB4DAD78D7B}.Release|Any CPU.Build.0 = Release|Any CPU
		{5BC9C87A-4B3A-41AF-9607-3816BD597D4E}.Debug|Any CPU.ActiveCfg = Debug|Any CPU
		{5BC9C87A-4B3A-41AF-9607-3816BD597D4E}.Debug|Any CPU.Build.0 = Debug|Any CPU
		{5BC9C87A-4B3A-41AF-9607-3816BD597D4E}.Release|Any CPU.ActiveCfg = Release|Any CPU
		{5BC9C87A-4B3A-41AF-9607-3816BD597D4E}.Release|Any CPU.Build.0 = Release|Any CPU
		{AED32A7B-110A-4F29-8D4C-B6F785419D14}.Debug|Any CPU.ActiveCfg = Debug|Any CPU
		{AED32A7B-110A-4F29-8D4C-B6F785419D14}.Debug|Any CPU.Build.0 = Debug|Any CPU
		{AED32A7B-110A-4F29-8D4C-B6F785419D14}.Release|Any CPU.ActiveCfg = Release|Any CPU
		{AED32A7B-110A-4F29-8D4C-B6F785419D14}.Release|Any CPU.Build.0 = Release|Any CPU
		{69CB9A06-6DB4-4DCA-9DDB-62476D6B89D4}.Debug|Any CPU.ActiveCfg = Debug|Any CPU
		{69CB9A06-6DB4-4DCA-9DDB-62476D6B89D4}.Debug|Any CPU.Build.0 = Debug|Any CPU
		{69CB9A06-6DB4-4DCA-9DDB-62476D6B89D4}.Release|Any CPU.ActiveCfg = Release|Any CPU
		{69CB9A06-6DB4-4DCA-9DDB-62476D6B89D4}.Release|Any CPU.Build.0 = Release|Any CPU
		{46782F48-39DD-40C0-B4D8-68BF64BEAFE4}.Debug|Any CPU.ActiveCfg = Debug|Any CPU
		{46782F48-39DD-40C0-B4D8-68BF64BEAFE4}.Debug|Any CPU.Build.0 = Debug|Any CPU
		{46782F48-39DD-40C0-B4D8-68BF64BEAFE4}.Release|Any CPU.ActiveCfg = Release|Any CPU
		{46782F48-39DD-40C0-B4D8-68BF64BEAFE4}.Release|Any CPU.Build.0 = Release|Any CPU
		{EE9592F2-DF1C-4173-86ED-2B5DE75CEDFB}.Debug|Any CPU.ActiveCfg = Debug|Any CPU
		{EE9592F2-DF1C-4173-86ED-2B5DE75CEDFB}.Debug|Any CPU.Build.0 = Debug|Any CPU
		{EE9592F2-DF1C-4173-86ED-2B5DE75CEDFB}.Release|Any CPU.ActiveCfg = Release|Any CPU
		{EE9592F2-DF1C-4173-86ED-2B5DE75CEDFB}.Release|Any CPU.Build.0 = Release|Any CPU
		{9C30BE08-E9C6-438E-9836-2B626EB7843F}.Debug|Any CPU.ActiveCfg = Debug|Any CPU
		{9C30BE08-E9C6-438E-9836-2B626EB7843F}.Debug|Any CPU.Build.0 = Debug|Any CPU
		{9C30BE08-E9C6-438E-9836-2B626EB7843F}.Release|Any CPU.ActiveCfg = Release|Any CPU
		{9C30BE08-E9C6-438E-9836-2B626EB7843F}.Release|Any CPU.Build.0 = Release|Any CPU
		{0A062C13-207C-4DDF-8274-742CE7F5AAC9}.Debug|Any CPU.ActiveCfg = Debug|Any CPU
		{0A062C13-207C-4DDF-8274-742CE7F5AAC9}.Debug|Any CPU.Build.0 = Debug|Any CPU
		{0A062C13-207C-4DDF-8274-742CE7F5AAC9}.Release|Any CPU.ActiveCfg = Release|Any CPU
		{0A062C13-207C-4DDF-8274-742CE7F5AAC9}.Release|Any CPU.Build.0 = Release|Any CPU
	EndGlobalSection
	GlobalSection(SolutionProperties) = preSolution
		HideSolutionNode = FALSE
	EndGlobalSection
	GlobalSection(NestedProjects) = preSolution
		{E92DAEBD-FE17-409A-99DB-B679874CE418} = {94E7C430-6D1C-4769-AE64-15D42461DC2C}
		{94E7C430-6D1C-4769-AE64-15D42461DC2C} = {D05DEE7B-8ADF-4DA1-B7E7-201D98AC868C}
		{FFDB04B1-72DF-4C64-BCDA-F574BED0664F} = {D05DEE7B-8ADF-4DA1-B7E7-201D98AC868C}
		{0CF8EBD7-09C6-42BC-8F9E-FA5AC881BA59} = {D05DEE7B-8ADF-4DA1-B7E7-201D98AC868C}
		{94871D0C-DA8C-4EBE-9860-02DCAC02CE54} = {D05DEE7B-8ADF-4DA1-B7E7-201D98AC868C}
		{BF803462-BFC5-430C-A6AF-5A775EA87440} = {D05DEE7B-8ADF-4DA1-B7E7-201D98AC868C}
		{3098C05E-8AB6-46D2-8244-6A065E505C55} = {D05DEE7B-8ADF-4DA1-B7E7-201D98AC868C}
		{ABE059D7-A9EF-47EA-B5B1-94CD27321D07} = {EA0E6969-B3FA-4D95-98D2-BE18D60A25DA}
		{5774E9BB-0D32-4F95-A4BD-6D3FB2551146} = {EA0E6969-B3FA-4D95-98D2-BE18D60A25DA}
		{FB979BB0-8F48-46C2-AA1E-A436327ADF12} = {EA0E6969-B3FA-4D95-98D2-BE18D60A25DA}
		{0CB5E2AE-C870-401E-AD99-4BFF96439B4F} = {EA0E6969-B3FA-4D95-98D2-BE18D60A25DA}
		{2653BB0A-DDF4-4AEF-8F62-F3D3FF2C322E} = {0CF8EBD7-09C6-42BC-8F9E-FA5AC881BA59}
		{93602503-AD64-44AE-8452-2CCDAAADDF96} = {0CF8EBD7-09C6-42BC-8F9E-FA5AC881BA59}
		{74D38721-771B-4045-BCE0-06D7A283F477} = {5774E9BB-0D32-4F95-A4BD-6D3FB2551146}
		{CB3C7D2A-2BAE-40C5-9C1D-C56947C81AA9} = {0CB5E2AE-C870-401E-AD99-4BFF96439B4F}
		{854FF189-321A-4004-8071-F607303CEE71} = {ABE059D7-A9EF-47EA-B5B1-94CD27321D07}
		{A198116D-95E7-42E7-A0F5-D6026398ABA5} = {FB979BB0-8F48-46C2-AA1E-A436327ADF12}
		{9759EA42-D6EA-457F-A6C1-17EAAB6E2F7B} = {FFDB04B1-72DF-4C64-BCDA-F574BED0664F}
		{6DD8AFEE-A562-4628-B681-6EB4DAD78D7B} = {FFDB04B1-72DF-4C64-BCDA-F574BED0664F}
		{5BC9C87A-4B3A-41AF-9607-3816BD597D4E} = {94871D0C-DA8C-4EBE-9860-02DCAC02CE54}
		{AED32A7B-110A-4F29-8D4C-B6F785419D14} = {94871D0C-DA8C-4EBE-9860-02DCAC02CE54}
		{69CB9A06-6DB4-4DCA-9DDB-62476D6B89D4} = {BF803462-BFC5-430C-A6AF-5A775EA87440}
		{46782F48-39DD-40C0-B4D8-68BF64BEAFE4} = {BF803462-BFC5-430C-A6AF-5A775EA87440}
		{EE9592F2-DF1C-4173-86ED-2B5DE75CEDFB} = {0CF8EBD7-09C6-42BC-8F9E-FA5AC881BA59}
		{9C30BE08-E9C6-438E-9836-2B626EB7843F} = {0CF8EBD7-09C6-42BC-8F9E-FA5AC881BA59}
		{0A062C13-207C-4DDF-8274-742CE7F5AAC9} = {0CF8EBD7-09C6-42BC-8F9E-FA5AC881BA59}
	EndGlobalSection
	GlobalSection(ExtensibilityGlobals) = postSolution
		SolutionGuid = {C29276B6-9F27-494C-A6E0-63F66DB243F8}
	EndGlobalSection
EndGlobal
