
Microsoft Visual Studio Solution File, Format Version 12.00
# Visual Studio Version 16
VisualStudioVersion = 16.0.28803.452
MinimumVisualStudioVersion = 10.0.40219.1
Project("{9A19103F-16F7-4668-BE54-9A1E7A4F7556}") = "CrossCutting", "src\CrossCutting\CrossCutting\CrossCutting.csproj", "{E92DAEBD-FE17-409A-99DB-B679874CE418}"
EndProject
Project("{2150E333-8FDC-42A3-9474-1A3956D46DE8}") = "test", "test", "{EA0E6969-B3FA-4D95-98D2-BE18D60A25DA}"
EndProject
Project("{2150E333-8FDC-42A3-9474-1A3956D46DE8}") = "src", "src", "{D05DEE7B-8ADF-4DA1-B7E7-201D98AC868C}"
EndProject
Project("{2150E333-8FDC-42A3-9474-1A3956D46DE8}") = "CrossCutting", "CrossCutting", "{94E7C430-6D1C-4769-AE64-15D42461DC2C}"
EndProject
Project("{2150E333-8FDC-42A3-9474-1A3956D46DE8}") = "scripts", "scripts", "{C9D36A01-6416-4693-9BA7-036479BDC1B5}"
	ProjectSection(SolutionItems) = preProject
		scripts\001-create-database.sql = scripts\001-create-database.sql
		scripts\002-create-table.sql = scripts\002-create-table.sql
		scripts\003-insert-data.sql = scripts\003-insert-data.sql
	EndProjectSection
EndProject
Project("{9A19103F-16F7-4668-BE54-9A1E7A4F7556}") = "Demo.GestaoEscolar.Domain", "src\GestaoEscolar\Demo.GestaoEscolar.Domain\Demo.GestaoEscolar.Domain.csproj", "{2653BB0A-DDF4-4AEF-8F62-F3D3FF2C322E}"
EndProject
Project("{9A19103F-16F7-4668-BE54-9A1E7A4F7556}") = "Demo.GestaoEscolar.Infra.EF", "src\GestaoEscolar\Demo.GestaoEscolar.Infra.EF\Demo.GestaoEscolar.Infra.EF.csproj", "{9C30BE08-E9C6-438E-9836-2B626EB7843F}"
EndProject
Project("{9A19103F-16F7-4668-BE54-9A1E7A4F7556}") = "Demo.GestaoEscolar.Infra.Dapper", "src\GestaoEscolar\Demo.GestaoEscolar.Infra.Dapper\Demo.GestaoEscolar.Infra.Dapper.csproj", "{0A062C13-207C-4DDF-8274-742CE7F5AAC9}"
EndProject
Project("{2150E333-8FDC-42A3-9474-1A3956D46DE8}") = "GestaoEscolar", "GestaoEscolar", "{1D4AA8F0-F4EC-4A1E-9B23-AC25C1A7568D}"
EndProject
Project("{9A19103F-16F7-4668-BE54-9A1E7A4F7556}") = "Demo.GestaoEscolar.Domain.Test", "test\GestaoEscolar.Domain.Test\Demo.GestaoEscolar.Domain.Test.csproj", "{6E333C7D-2D5A-4DE0-93E1-5E276F9FD28C}"
EndProject
Project("{2150E333-8FDC-42A3-9474-1A3956D46DE8}") = "GestaoEscolar", "GestaoEscolar", "{0079050D-2483-475F-9AAC-C7FFD3C7ED49}"
EndProject
Project("{9A19103F-16F7-4668-BE54-9A1E7A4F7556}") = "Demo.GestaoEscolar.Handlers", "src\GestaoEscolar\Demo.GestaoEscolar.Handlers\Demo.GestaoEscolar.Handlers.csproj", "{A33550EA-BE6D-498F-8E4C-8083BB51FEDD}"
EndProject
Project("{FAE04EC0-301F-11D3-BF4B-00C04F79EFBC}") = "Demo.GestaoEscolar.WebApplication", "src\GestaoEscolar\Demo.GestaoEscolar.WebApplication\Demo.GestaoEscolar.WebApplication.csproj", "{4CEE7897-BFBD-4A18-82DC-70C0896DCD69}"
EndProject
Global
	GlobalSection(SolutionConfigurationPlatforms) = preSolution
		Debug|Any CPU = Debug|Any CPU
		Development|Any CPU = Development|Any CPU
		Production|Any CPU = Production|Any CPU
		Release|Any CPU = Release|Any CPU
		Staging|Any CPU = Staging|Any CPU
	EndGlobalSection
	GlobalSection(ProjectConfigurationPlatforms) = postSolution
		{E92DAEBD-FE17-409A-99DB-B679874CE418}.Debug|Any CPU.ActiveCfg = Debug|Any CPU
		{E92DAEBD-FE17-409A-99DB-B679874CE418}.Debug|Any CPU.Build.0 = Debug|Any CPU
		{E92DAEBD-FE17-409A-99DB-B679874CE418}.Development|Any CPU.ActiveCfg = Debug|Any CPU
		{E92DAEBD-FE17-409A-99DB-B679874CE418}.Development|Any CPU.Build.0 = Debug|Any CPU
		{E92DAEBD-FE17-409A-99DB-B679874CE418}.Production|Any CPU.ActiveCfg = Release|Any CPU
		{E92DAEBD-FE17-409A-99DB-B679874CE418}.Production|Any CPU.Build.0 = Release|Any CPU
		{E92DAEBD-FE17-409A-99DB-B679874CE418}.Release|Any CPU.ActiveCfg = Release|Any CPU
		{E92DAEBD-FE17-409A-99DB-B679874CE418}.Release|Any CPU.Build.0 = Release|Any CPU
		{E92DAEBD-FE17-409A-99DB-B679874CE418}.Staging|Any CPU.ActiveCfg = Debug|Any CPU
		{E92DAEBD-FE17-409A-99DB-B679874CE418}.Staging|Any CPU.Build.0 = Debug|Any CPU
		{2653BB0A-DDF4-4AEF-8F62-F3D3FF2C322E}.Debug|Any CPU.ActiveCfg = Debug|Any CPU
		{2653BB0A-DDF4-4AEF-8F62-F3D3FF2C322E}.Debug|Any CPU.Build.0 = Debug|Any CPU
		{2653BB0A-DDF4-4AEF-8F62-F3D3FF2C322E}.Development|Any CPU.ActiveCfg = Debug|Any CPU
		{2653BB0A-DDF4-4AEF-8F62-F3D3FF2C322E}.Development|Any CPU.Build.0 = Debug|Any CPU
		{2653BB0A-DDF4-4AEF-8F62-F3D3FF2C322E}.Production|Any CPU.ActiveCfg = Release|Any CPU
		{2653BB0A-DDF4-4AEF-8F62-F3D3FF2C322E}.Production|Any CPU.Build.0 = Release|Any CPU
		{2653BB0A-DDF4-4AEF-8F62-F3D3FF2C322E}.Release|Any CPU.ActiveCfg = Release|Any CPU
		{2653BB0A-DDF4-4AEF-8F62-F3D3FF2C322E}.Release|Any CPU.Build.0 = Release|Any CPU
		{2653BB0A-DDF4-4AEF-8F62-F3D3FF2C322E}.Staging|Any CPU.ActiveCfg = Debug|Any CPU
		{2653BB0A-DDF4-4AEF-8F62-F3D3FF2C322E}.Staging|Any CPU.Build.0 = Debug|Any CPU
		{9C30BE08-E9C6-438E-9836-2B626EB7843F}.Debug|Any CPU.ActiveCfg = Debug|Any CPU
		{9C30BE08-E9C6-438E-9836-2B626EB7843F}.Debug|Any CPU.Build.0 = Debug|Any CPU
		{9C30BE08-E9C6-438E-9836-2B626EB7843F}.Development|Any CPU.ActiveCfg = Debug|Any CPU
		{9C30BE08-E9C6-438E-9836-2B626EB7843F}.Development|Any CPU.Build.0 = Debug|Any CPU
		{9C30BE08-E9C6-438E-9836-2B626EB7843F}.Production|Any CPU.ActiveCfg = Release|Any CPU
		{9C30BE08-E9C6-438E-9836-2B626EB7843F}.Production|Any CPU.Build.0 = Release|Any CPU
		{9C30BE08-E9C6-438E-9836-2B626EB7843F}.Release|Any CPU.ActiveCfg = Release|Any CPU
		{9C30BE08-E9C6-438E-9836-2B626EB7843F}.Release|Any CPU.Build.0 = Release|Any CPU
		{9C30BE08-E9C6-438E-9836-2B626EB7843F}.Staging|Any CPU.ActiveCfg = Debug|Any CPU
		{9C30BE08-E9C6-438E-9836-2B626EB7843F}.Staging|Any CPU.Build.0 = Debug|Any CPU
		{0A062C13-207C-4DDF-8274-742CE7F5AAC9}.Debug|Any CPU.ActiveCfg = Debug|Any CPU
		{0A062C13-207C-4DDF-8274-742CE7F5AAC9}.Debug|Any CPU.Build.0 = Debug|Any CPU
		{0A062C13-207C-4DDF-8274-742CE7F5AAC9}.Development|Any CPU.ActiveCfg = Debug|Any CPU
		{0A062C13-207C-4DDF-8274-742CE7F5AAC9}.Development|Any CPU.Build.0 = Debug|Any CPU
		{0A062C13-207C-4DDF-8274-742CE7F5AAC9}.Production|Any CPU.ActiveCfg = Release|Any CPU
		{0A062C13-207C-4DDF-8274-742CE7F5AAC9}.Production|Any CPU.Build.0 = Release|Any CPU
		{0A062C13-207C-4DDF-8274-742CE7F5AAC9}.Release|Any CPU.ActiveCfg = Release|Any CPU
		{0A062C13-207C-4DDF-8274-742CE7F5AAC9}.Release|Any CPU.Build.0 = Release|Any CPU
		{0A062C13-207C-4DDF-8274-742CE7F5AAC9}.Staging|Any CPU.ActiveCfg = Debug|Any CPU
		{0A062C13-207C-4DDF-8274-742CE7F5AAC9}.Staging|Any CPU.Build.0 = Debug|Any CPU
		{6E333C7D-2D5A-4DE0-93E1-5E276F9FD28C}.Debug|Any CPU.ActiveCfg = Debug|Any CPU
		{6E333C7D-2D5A-4DE0-93E1-5E276F9FD28C}.Debug|Any CPU.Build.0 = Debug|Any CPU
		{6E333C7D-2D5A-4DE0-93E1-5E276F9FD28C}.Development|Any CPU.ActiveCfg = Debug|Any CPU
		{6E333C7D-2D5A-4DE0-93E1-5E276F9FD28C}.Development|Any CPU.Build.0 = Debug|Any CPU
		{6E333C7D-2D5A-4DE0-93E1-5E276F9FD28C}.Production|Any CPU.ActiveCfg = Release|Any CPU
		{6E333C7D-2D5A-4DE0-93E1-5E276F9FD28C}.Production|Any CPU.Build.0 = Release|Any CPU
		{6E333C7D-2D5A-4DE0-93E1-5E276F9FD28C}.Release|Any CPU.ActiveCfg = Release|Any CPU
		{6E333C7D-2D5A-4DE0-93E1-5E276F9FD28C}.Release|Any CPU.Build.0 = Release|Any CPU
		{6E333C7D-2D5A-4DE0-93E1-5E276F9FD28C}.Staging|Any CPU.ActiveCfg = Debug|Any CPU
		{6E333C7D-2D5A-4DE0-93E1-5E276F9FD28C}.Staging|Any CPU.Build.0 = Debug|Any CPU
		{A33550EA-BE6D-498F-8E4C-8083BB51FEDD}.Debug|Any CPU.ActiveCfg = Debug|Any CPU
		{A33550EA-BE6D-498F-8E4C-8083BB51FEDD}.Debug|Any CPU.Build.0 = Debug|Any CPU
		{A33550EA-BE6D-498F-8E4C-8083BB51FEDD}.Development|Any CPU.ActiveCfg = Debug|Any CPU
		{A33550EA-BE6D-498F-8E4C-8083BB51FEDD}.Development|Any CPU.Build.0 = Debug|Any CPU
		{A33550EA-BE6D-498F-8E4C-8083BB51FEDD}.Production|Any CPU.ActiveCfg = Debug|Any CPU
		{A33550EA-BE6D-498F-8E4C-8083BB51FEDD}.Production|Any CPU.Build.0 = Debug|Any CPU
		{A33550EA-BE6D-498F-8E4C-8083BB51FEDD}.Release|Any CPU.ActiveCfg = Release|Any CPU
		{A33550EA-BE6D-498F-8E4C-8083BB51FEDD}.Release|Any CPU.Build.0 = Release|Any CPU
		{A33550EA-BE6D-498F-8E4C-8083BB51FEDD}.Staging|Any CPU.ActiveCfg = Debug|Any CPU
		{A33550EA-BE6D-498F-8E4C-8083BB51FEDD}.Staging|Any CPU.Build.0 = Debug|Any CPU
		{4CEE7897-BFBD-4A18-82DC-70C0896DCD69}.Debug|Any CPU.ActiveCfg = Debug|Any CPU
		{4CEE7897-BFBD-4A18-82DC-70C0896DCD69}.Debug|Any CPU.Build.0 = Debug|Any CPU
		{4CEE7897-BFBD-4A18-82DC-70C0896DCD69}.Development|Any CPU.ActiveCfg = Debug|Any CPU
		{4CEE7897-BFBD-4A18-82DC-70C0896DCD69}.Development|Any CPU.Build.0 = Debug|Any CPU
		{4CEE7897-BFBD-4A18-82DC-70C0896DCD69}.Production|Any CPU.ActiveCfg = Debug|Any CPU
		{4CEE7897-BFBD-4A18-82DC-70C0896DCD69}.Production|Any CPU.Build.0 = Debug|Any CPU
		{4CEE7897-BFBD-4A18-82DC-70C0896DCD69}.Release|Any CPU.ActiveCfg = Release|Any CPU
		{4CEE7897-BFBD-4A18-82DC-70C0896DCD69}.Release|Any CPU.Build.0 = Release|Any CPU
		{4CEE7897-BFBD-4A18-82DC-70C0896DCD69}.Staging|Any CPU.ActiveCfg = Debug|Any CPU
		{4CEE7897-BFBD-4A18-82DC-70C0896DCD69}.Staging|Any CPU.Build.0 = Debug|Any CPU
	EndGlobalSection
	GlobalSection(SolutionProperties) = preSolution
		HideSolutionNode = FALSE
	EndGlobalSection
	GlobalSection(NestedProjects) = preSolution
		{E92DAEBD-FE17-409A-99DB-B679874CE418} = {94E7C430-6D1C-4769-AE64-15D42461DC2C}
		{94E7C430-6D1C-4769-AE64-15D42461DC2C} = {D05DEE7B-8ADF-4DA1-B7E7-201D98AC868C}
		{2653BB0A-DDF4-4AEF-8F62-F3D3FF2C322E} = {1D4AA8F0-F4EC-4A1E-9B23-AC25C1A7568D}
		{9C30BE08-E9C6-438E-9836-2B626EB7843F} = {1D4AA8F0-F4EC-4A1E-9B23-AC25C1A7568D}
		{0A062C13-207C-4DDF-8274-742CE7F5AAC9} = {1D4AA8F0-F4EC-4A1E-9B23-AC25C1A7568D}
		{1D4AA8F0-F4EC-4A1E-9B23-AC25C1A7568D} = {D05DEE7B-8ADF-4DA1-B7E7-201D98AC868C}
		{6E333C7D-2D5A-4DE0-93E1-5E276F9FD28C} = {0079050D-2483-475F-9AAC-C7FFD3C7ED49}
		{0079050D-2483-475F-9AAC-C7FFD3C7ED49} = {EA0E6969-B3FA-4D95-98D2-BE18D60A25DA}
		{A33550EA-BE6D-498F-8E4C-8083BB51FEDD} = {1D4AA8F0-F4EC-4A1E-9B23-AC25C1A7568D}
		{4CEE7897-BFBD-4A18-82DC-70C0896DCD69} = {1D4AA8F0-F4EC-4A1E-9B23-AC25C1A7568D}
	EndGlobalSection
	GlobalSection(ExtensibilityGlobals) = postSolution
		SolutionGuid = {C29276B6-9F27-494C-A6E0-63F66DB243F8}
	EndGlobalSection
EndGlobal
